
Microsoft Visual Studio Solution File, Format Version 12.00
# Visual Studio Version 16
VisualStudioVersion = 16.0.29709.97
MinimumVisualStudioVersion = 10.0.40219.1
Project("{8BC9CEB8-8B4A-11D0-8D11-00A0C91BC942}") = "dz_week_5", "dz_week_5\dz_week_5.vcxproj", "{834408B3-A998-4A66-90E7-DF862C903FAC}"
EndProject
Global
	GlobalSection(SolutionConfigurationPlatforms) = preSolution
		Debug|x64 = Debug|x64
		Debug|x86 = Debug|x86
		Release|x64 = Release|x64
		Release|x86 = Release|x86
	EndGlobalSection
	GlobalSection(ProjectConfigurationPlatforms) = postSolution
		{834408B3-A998-4A66-90E7-DF862C903FAC}.Debug|x64.ActiveCfg = Debug|x64
		{834408B3-A998-4A66-90E7-DF862C903FAC}.Debug|x64.Build.0 = Debug|x64
		{834408B3-A998-4A66-90E7-DF862C903FAC}.Debug|x86.ActiveCfg = Debug|Win32
		{834408B3-A998-4A66-90E7-DF862C903FAC}.Debug|x86.Build.0 = Debug|Win32
		{834408B3-A998-4A66-90E7-DF862C903FAC}.Release|x64.ActiveCfg = Release|x64
		{834408B3-A998-4A66-90E7-DF862C903FAC}.Release|x64.Build.0 = Release|x64
		{834408B3-A998-4A66-90E7-DF862C903FAC}.Release|x86.ActiveCfg = Release|Win32
		{834408B3-A998-4A66-90E7-DF862C903FAC}.Release|x86.Build.0 = Release|Win32
	EndGlobalSection
	GlobalSection(SolutionProperties) = preSolution
		HideSolutionNode = FALSE
	EndGlobalSection
	GlobalSection(ExtensibilityGlobals) = postSolution
		SolutionGuid = {3287E073-C3A8-4FE1-9E95-29EA99172742}
	EndGlobalSection
EndGlobal
